
Microsoft Visual Studio Solution File, Format Version 12.00
# Visual Studio Version 17
VisualStudioVersion = 17.6.33829.357
MinimumVisualStudioVersion = 10.0.40219.1
Project("{9A19103F-16F7-4668-BE54-9A1E7A4F7556}") = "Functionality_Tests_Suit", "Functionality_Tests\Functionality_Tests_Suit.csproj", "{FC4D2C71-6D98-4242-8EF2-33F000E67F4C}"
EndProject
Project("{9A19103F-16F7-4668-BE54-9A1E7A4F7556}") = "Selenium_Tests", "Selenium_Tests\Selenium_Tests.csproj", "{52C7E2A0-0B9B-4A3A-8383-10523A5F9A07}"
EndProject
Project("{9A19103F-16F7-4668-BE54-9A1E7A4F7556}") = "Browser_Actions", "Browser_Actions\Browser_Actions.csproj", "{44C5CF9B-987A-4DDA-8A40-B3F484AAAF24}"
EndProject
Project("{2150E333-8FDC-42A3-9474-1A3956D46DE8}") = "Pages", "Pages", "{94BD2A13-6BBA-4618-B6D0-C1E98E99BF5B}"
EndProject
Project("{9A19103F-16F7-4668-BE54-9A1E7A4F7556}") = "Authentication", "LoginPage\Authentication.csproj", "{29C3A8DF-4B6D-4C4B-8F27-0B0930688D86}"
	ProjectSection(ProjectDependencies) = postProject
		{44C5CF9B-987A-4DDA-8A40-B3F484AAAF24} = {44C5CF9B-987A-4DDA-8A40-B3F484AAAF24}
	EndProjectSection
EndProject
Project("{9A19103F-16F7-4668-BE54-9A1E7A4F7556}") = "Checkboxes", "CheckboxesPage\Checkboxes.csproj", "{99ACD2E5-C30B-4F14-9487-01F49AA87C18}"
EndProject
Project("{2150E333-8FDC-42A3-9474-1A3956D46DE8}") = "Tests", "Tests", "{B2DDFBD7-A5A5-4ECF-B8BF-B6BBCCCE3CAF}"
EndProject
Project("{9A19103F-16F7-4668-BE54-9A1E7A4F7556}") = "TheInternetTestSuit", "TheInternetTestSuit\TheInternetTestSuit.csproj", "{00011E76-4796-4668-AE0B-C443A387E20A}"
	ProjectSection(ProjectDependencies) = postProject
		{29C3A8DF-4B6D-4C4B-8F27-0B0930688D86} = {29C3A8DF-4B6D-4C4B-8F27-0B0930688D86}
		{99ACD2E5-C30B-4F14-9487-01F49AA87C18} = {99ACD2E5-C30B-4F14-9487-01F49AA87C18}
		{FC4D2C71-6D98-4242-8EF2-33F000E67F4C} = {FC4D2C71-6D98-4242-8EF2-33F000E67F4C}
	EndProjectSection
EndProject
Project("{FAE04EC0-301F-11D3-BF4B-00C04F79EFBC}") = "Welcome", "Welcome\Welcome.csproj", "{24621F14-2A84-499A-B5E0-B117CADD65D1}"
EndProject
Global
	GlobalSection(SolutionConfigurationPlatforms) = preSolution
		Debug|Any CPU = Debug|Any CPU
		Release|Any CPU = Release|Any CPU
	EndGlobalSection
	GlobalSection(ProjectConfigurationPlatforms) = postSolution
		{FC4D2C71-6D98-4242-8EF2-33F000E67F4C}.Debug|Any CPU.ActiveCfg = Debug|Any CPU
		{FC4D2C71-6D98-4242-8EF2-33F000E67F4C}.Debug|Any CPU.Build.0 = Debug|Any CPU
		{FC4D2C71-6D98-4242-8EF2-33F000E67F4C}.Release|Any CPU.ActiveCfg = Release|Any CPU
		{FC4D2C71-6D98-4242-8EF2-33F000E67F4C}.Release|Any CPU.Build.0 = Release|Any CPU
		{52C7E2A0-0B9B-4A3A-8383-10523A5F9A07}.Debug|Any CPU.ActiveCfg = Debug|Any CPU
		{52C7E2A0-0B9B-4A3A-8383-10523A5F9A07}.Debug|Any CPU.Build.0 = Debug|Any CPU
		{52C7E2A0-0B9B-4A3A-8383-10523A5F9A07}.Release|Any CPU.ActiveCfg = Release|Any CPU
		{52C7E2A0-0B9B-4A3A-8383-10523A5F9A07}.Release|Any CPU.Build.0 = Release|Any CPU
		{44C5CF9B-987A-4DDA-8A40-B3F484AAAF24}.Debug|Any CPU.ActiveCfg = Debug|Any CPU
		{44C5CF9B-987A-4DDA-8A40-B3F484AAAF24}.Debug|Any CPU.Build.0 = Debug|Any CPU
		{44C5CF9B-987A-4DDA-8A40-B3F484AAAF24}.Release|Any CPU.ActiveCfg = Release|Any CPU
		{44C5CF9B-987A-4DDA-8A40-B3F484AAAF24}.Release|Any CPU.Build.0 = Release|Any CPU
		{29C3A8DF-4B6D-4C4B-8F27-0B0930688D86}.Debug|Any CPU.ActiveCfg = Debug|Any CPU
		{29C3A8DF-4B6D-4C4B-8F27-0B0930688D86}.Debug|Any CPU.Build.0 = Debug|Any CPU
		{29C3A8DF-4B6D-4C4B-8F27-0B0930688D86}.Release|Any CPU.ActiveCfg = Release|Any CPU
		{29C3A8DF-4B6D-4C4B-8F27-0B0930688D86}.Release|Any CPU.Build.0 = Release|Any CPU
		{99ACD2E5-C30B-4F14-9487-01F49AA87C18}.Debug|Any CPU.ActiveCfg = Debug|Any CPU
		{99ACD2E5-C30B-4F14-9487-01F49AA87C18}.Debug|Any CPU.Build.0 = Debug|Any CPU
		{99ACD2E5-C30B-4F14-9487-01F49AA87C18}.Release|Any CPU.ActiveCfg = Release|Any CPU
		{99ACD2E5-C30B-4F14-9487-01F49AA87C18}.Release|Any CPU.Build.0 = Release|Any CPU
		{00011E76-4796-4668-AE0B-C443A387E20A}.Debug|Any CPU.ActiveCfg = Debug|Any CPU
		{00011E76-4796-4668-AE0B-C443A387E20A}.Debug|Any CPU.Build.0 = Debug|Any CPU
		{00011E76-4796-4668-AE0B-C443A387E20A}.Release|Any CPU.ActiveCfg = Release|Any CPU
		{00011E76-4796-4668-AE0B-C443A387E20A}.Release|Any CPU.Build.0 = Release|Any CPU
		{24621F14-2A84-499A-B5E0-B117CADD65D1}.Debug|Any CPU.ActiveCfg = Debug|Any CPU
		{24621F14-2A84-499A-B5E0-B117CADD65D1}.Debug|Any CPU.Build.0 = Debug|Any CPU
		{24621F14-2A84-499A-B5E0-B117CADD65D1}.Release|Any CPU.ActiveCfg = Release|Any CPU
		{24621F14-2A84-499A-B5E0-B117CADD65D1}.Release|Any CPU.Build.0 = Release|Any CPU
	EndGlobalSection
	GlobalSection(SolutionProperties) = preSolution
		HideSolutionNode = FALSE
	EndGlobalSection
	GlobalSection(NestedProjects) = preSolution
		{29C3A8DF-4B6D-4C4B-8F27-0B0930688D86} = {94BD2A13-6BBA-4618-B6D0-C1E98E99BF5B}
		{99ACD2E5-C30B-4F14-9487-01F49AA87C18} = {94BD2A13-6BBA-4618-B6D0-C1E98E99BF5B}
		{00011E76-4796-4668-AE0B-C443A387E20A} = {B2DDFBD7-A5A5-4ECF-B8BF-B6BBCCCE3CAF}
		{24621F14-2A84-499A-B5E0-B117CADD65D1} = {94BD2A13-6BBA-4618-B6D0-C1E98E99BF5B}
	EndGlobalSection
	GlobalSection(ExtensibilityGlobals) = postSolution
		SolutionGuid = {4F5B1040-6687-4037-94C6-40EEC5C32C87}
	EndGlobalSection
EndGlobal
